
Microsoft Visual Studio Solution File, Format Version 12.00
# Visual Studio Version 17
VisualStudioVersion = 17.2.32516.85
MinimumVisualStudioVersion = 10.0.40219.1
Project("{FAE04EC0-301F-11D3-BF4B-00C04F79EFBC}") = "LibrarySnail", "LibrarySnail\LibrarySnail.csproj", "{EEB71462-4540-41DF-8E6C-2E963236F288}"
EndProject
Project("{FAE04EC0-301F-11D3-BF4B-00C04F79EFBC}") = "ConsoleSnail", "ConsoleSnail\ConsoleSnail.csproj", "{37CA1AA7-10E7-473D-BC10-D1E3310276F2}"
EndProject
Project("{FAE04EC0-301F-11D3-BF4B-00C04F79EFBC}") = "LibrarySnailTests", "LibrarySnailTests\LibrarySnailTests.csproj", "{B320671F-0A81-44D0-8DDB-4AB118080A19}"
EndProject
Global
	GlobalSection(SolutionConfigurationPlatforms) = preSolution
		Debug|Any CPU = Debug|Any CPU
		Release|Any CPU = Release|Any CPU
	EndGlobalSection
	GlobalSection(ProjectConfigurationPlatforms) = postSolution
		{EEB71462-4540-41DF-8E6C-2E963236F288}.Debug|Any CPU.ActiveCfg = Debug|Any CPU
		{EEB71462-4540-41DF-8E6C-2E963236F288}.Debug|Any CPU.Build.0 = Debug|Any CPU
		{EEB71462-4540-41DF-8E6C-2E963236F288}.Release|Any CPU.ActiveCfg = Release|Any CPU
		{EEB71462-4540-41DF-8E6C-2E963236F288}.Release|Any CPU.Build.0 = Release|Any CPU
		{37CA1AA7-10E7-473D-BC10-D1E3310276F2}.Debug|Any CPU.ActiveCfg = Debug|Any CPU
		{37CA1AA7-10E7-473D-BC10-D1E3310276F2}.Debug|Any CPU.Build.0 = Debug|Any CPU
		{37CA1AA7-10E7-473D-BC10-D1E3310276F2}.Release|Any CPU.ActiveCfg = Release|Any CPU
		{37CA1AA7-10E7-473D-BC10-D1E3310276F2}.Release|Any CPU.Build.0 = Release|Any CPU
		{B320671F-0A81-44D0-8DDB-4AB118080A19}.Debug|Any CPU.ActiveCfg = Debug|Any CPU
		{B320671F-0A81-44D0-8DDB-4AB118080A19}.Debug|Any CPU.Build.0 = Debug|Any CPU
		{B320671F-0A81-44D0-8DDB-4AB118080A19}.Release|Any CPU.ActiveCfg = Release|Any CPU
		{B320671F-0A81-44D0-8DDB-4AB118080A19}.Release|Any CPU.Build.0 = Release|Any CPU
	EndGlobalSection
	GlobalSection(SolutionProperties) = preSolution
		HideSolutionNode = FALSE
	EndGlobalSection
	GlobalSection(ExtensibilityGlobals) = postSolution
		SolutionGuid = {A18F0586-4984-407E-815C-614C9B2AFA61}
	EndGlobalSection
EndGlobal
